
Microsoft Visual Studio Solution File, Format Version 12.00
# Visual Studio Version 17
VisualStudioVersion = 17.13.35818.85 d17.13
MinimumVisualStudioVersion = 10.0.40219.1
Project("{FAE04EC0-301F-11D3-BF4B-00C04F79EFBC}") = "Group_work", "Group_work.csproj", "{B73C8E54-94AF-4D79-8D32-6D617A9FD724}"
EndProject
Global
	GlobalSection(SolutionConfigurationPlatforms) = preSolution
		Debug|Any CPU = Debug|Any CPU
		Release|Any CPU = Release|Any CPU
	EndGlobalSection
	GlobalSection(ProjectConfigurationPlatforms) = postSolution
		{B73C8E54-94AF-4D79-8D32-6D617A9FD724}.Debug|Any CPU.ActiveCfg = Debug|Any CPU
		{B73C8E54-94AF-4D79-8D32-6D617A9FD724}.Debug|Any CPU.Build.0 = Debug|Any CPU
		{B73C8E54-94AF-4D79-8D32-6D617A9FD724}.Release|Any CPU.ActiveCfg = Release|Any CPU
		{B73C8E54-94AF-4D79-8D32-6D617A9FD724}.Release|Any CPU.Build.0 = Release|Any CPU
	EndGlobalSection
	GlobalSection(SolutionProperties) = preSolution
		HideSolutionNode = FALSE
	EndGlobalSection
	GlobalSection(ExtensibilityGlobals) = postSolution
		SolutionGuid = {F5A0C451-B83A-4B69-84E2-58CBE1D570B0}
	EndGlobalSection
EndGlobal
